PODS:
  - MCLocationManager (0.1.0)

DEPENDENCIES:
  - MCLocationManager (from `../`)

EXTERNAL SOURCES:
  MCLocationManager:
    :path: "../"

SPEC CHECKSUMS:
  MCLocationManager: 69b974bdff16c0a59c8c3362c43e348faa62a67e

PODFILE CHECKSUM: b95584914afe81bf73de97c93f0fa36b711d1c1f

COCOAPODS: 1.5.3
